
Microsoft Visual Studio Solution File, Format Version 12.00
# Visual Studio Version 17
VisualStudioVersion = 17.12.35707.178 d17.12
MinimumVisualStudioVersion = 10.0.40219.1
Project("{FAE04EC0-301F-11D3-BF4B-00C04F79EFBC}") = "AvaloniaApplication5", "AvaloniaApplication5\AvaloniaApplication5.csproj", "{8E929221-EFA6-453D-ABD9-3E1BE62B9BAF}"
EndProject
Project("{FAE04EC0-301F-11D3-BF4B-00C04F79EFBC}") = "AvaloniaApplication5.Desktop", "AvaloniaApplication5.Desktop\AvaloniaApplication5.Desktop.csproj", "{28BFE872-C001-4AE0-A97D-76DCBB5E8417}"
EndProject
Global
	GlobalSection(SolutionConfigurationPlatforms) = preSolution
		Debug|Any CPU = Debug|Any CPU
		Release|Any CPU = Release|Any CPU
	EndGlobalSection
	GlobalSection(ProjectConfigurationPlatforms) = postSolution
		{8E929221-EFA6-453D-ABD9-3E1BE62B9BAF}.Debug|Any CPU.ActiveCfg = Debug|Any CPU
		{8E929221-EFA6-453D-ABD9-3E1BE62B9BAF}.Debug|Any CPU.Build.0 = Debug|Any CPU
		{8E929221-EFA6-453D-ABD9-3E1BE62B9BAF}.Release|Any CPU.ActiveCfg = Release|Any CPU
		{8E929221-EFA6-453D-ABD9-3E1BE62B9BAF}.Release|Any CPU.Build.0 = Release|Any CPU
		{28BFE872-C001-4AE0-A97D-76DCBB5E8417}.Debug|Any CPU.ActiveCfg = Debug|Any CPU
		{28BFE872-C001-4AE0-A97D-76DCBB5E8417}.Debug|Any CPU.Build.0 = Debug|Any CPU
		{28BFE872-C001-4AE0-A97D-76DCBB5E8417}.Release|Any CPU.ActiveCfg = Release|Any CPU
		{28BFE872-C001-4AE0-A97D-76DCBB5E8417}.Release|Any CPU.Build.0 = Release|Any CPU
	EndGlobalSection
	GlobalSection(SolutionProperties) = preSolution
		HideSolutionNode = FALSE
	EndGlobalSection
EndGlobal
